// !$*UTF8*$!
{
	archiveVersion = 1;
	classes = {
	};
	objectVersion = 46;
	objects = {

/* Begin PBXBuildFile section */
		1A6FFF0F1A1F9BB30063F622 /* camera.cpp in Sources */ = {isa = PBXBuildFile; fileRef = 1A6FFF0A1A1F9BB30063F622 /* camera.cpp */; };
		1A6FFF101A1F9BB30063F622 /* obj3d.cpp in Sources */ = {isa = PBXBuildFile; fileRef = 1A6FFF0C1A1F9BB30063F622 /* obj3d.cpp */; };
		1A6FFF131A1FA5BF0063F622 /* demo_app_base.cpp in Sources */ = {isa = PBXBuildFile; fileRef = 1A6FFF111A1FA5BF0063F622 /* demo_app_base.cpp */; };
		1A6FFF241A1FA85C0063F622 /* draw_indirection_table.frag in Resources */ = {isa = PBXBuildFile; fileRef = 1A6FFF181A1FA85C0063F622 /* draw_indirection_table.frag */; };
		1A6FFF251A1FA85C0063F622 /* draw_indirection_table.vert in Resources */ = {isa = PBXBuildFile; fileRef = 1A6FFF191A1FA85C0063F622 /* draw_indirection_table.vert */; };
		1A6FFF261A1FA85C0063F622 /* draw_page_table.frag in Resources */ = {isa = PBXBuildFile; fileRef = 1A6FFF1A1A1FA85C0063F622 /* draw_page_table.frag */; };
		1A6FFF271A1FA85C0063F622 /* draw_page_table.vert in Resources */ = {isa = PBXBuildFile; fileRef = 1A6FFF1B1A1FA85C0063F622 /* draw_page_table.vert */; };
		1A6FFF281A1FA85C0063F622 /* draw_text_2d.frag in Resources */ = {isa = PBXBuildFile; fileRef = 1A6FFF1C1A1FA85C0063F622 /* draw_text_2d.frag */; };
		1A6FFF291A1FA85C0063F622 /* draw_text_2d.vert in Resources */ = {isa = PBXBuildFile; fileRef = 1A6FFF1D1A1FA85C0063F622 /* draw_text_2d.vert */; };
		1A6FFF2A1A1FA85C0063F622 /* indirection_rgb565.glsl in Resources */ = {isa = PBXBuildFile; fileRef = 1A6FFF1E1A1FA85C0063F622 /* indirection_rgb565.glsl */; };
		1A6FFF2B1A1FA85C0063F622 /* indirection_rgba8888.glsl in Resources */ = {isa = PBXBuildFile; fileRef = 1A6FFF1F1A1FA85C0063F622 /* indirection_rgba8888.glsl */; };
		1A6FFF2C1A1FA85C0063F622 /* page_id_gen_pass.frag in Resources */ = {isa = PBXBuildFile; fileRef = 1A6FFF201A1FA85C0063F622 /* page_id_gen_pass.frag */; };
		1A6FFF2D1A1FA85C0063F622 /* page_id_gen_pass.vert in Resources */ = {isa = PBXBuildFile; fileRef = 1A6FFF211A1FA85C0063F622 /* page_id_gen_pass.vert */; };
		1A6FFF491A1FA8820063F622 /* builtin_fonts in Resources */ = {isa = PBXBuildFile; fileRef = 1A6FFF3C1A1FA8820063F622 /* builtin_fonts */; };
		1A6FFF4A1A1FA8820063F622 /* vt_builtin_text_atlas.cpp in Sources */ = {isa = PBXBuildFile; fileRef = 1A6FFF3D1A1FA8820063F622 /* vt_builtin_text_atlas.cpp */; };
		1A6FFF4B1A1FA8820063F622 /* vt_builtin_text.cpp in Sources */ = {isa = PBXBuildFile; fileRef = 1A6FFF3E1A1FA8820063F622 /* vt_builtin_text.cpp */; };
		1A6FFF4C1A1FA8820063F622 /* vt_common.cpp in Sources */ = {isa = PBXBuildFile; fileRef = 1A6FFF3F1A1FA8820063F622 /* vt_common.cpp */; };
		1A6FFF4D1A1FA8820063F622 /* vt_mini_ui.cpp in Sources */ = {isa = PBXBuildFile; fileRef = 1A6FFF401A1FA8820063F622 /* vt_mini_ui.cpp */; };
		1A6FFF4E1A1FA8820063F622 /* vt_opengl.cpp in Sources */ = {isa = PBXBuildFile; fileRef = 1A6FFF411A1FA8820063F622 /* vt_opengl.cpp */; };
		1A6FFF4F1A1FA8820063F622 /* vt_page_cache_mgr.cpp in Sources */ = {isa = PBXBuildFile; fileRef = 1A6FFF421A1FA8820063F622 /* vt_page_cache_mgr.cpp */; };
		1A6FFF501A1FA8820063F622 /* vt_page_file.cpp in Sources */ = {isa = PBXBuildFile; fileRef = 1A6FFF431A1FA8820063F622 /* vt_page_file.cpp */; };
		1A6FFF511A1FA8820063F622 /* vt_page_indirection_table.cpp in Sources */ = {isa = PBXBuildFile; fileRef = 1A6FFF441A1FA8820063F622 /* vt_page_indirection_table.cpp */; };
		1A6FFF521A1FA8820063F622 /* vt_page_provider.cpp in Sources */ = {isa = PBXBuildFile; fileRef = 1A6FFF451A1FA8820063F622 /* vt_page_provider.cpp */; };
		1A6FFF531A1FA8820063F622 /* vt_page_resolver.cpp in Sources */ = {isa = PBXBuildFile; fileRef = 1A6FFF461A1FA8820063F622 /* vt_page_resolver.cpp */; };
		1A6FFF541A1FA8820063F622 /* vt_page_table.cpp in Sources */ = {isa = PBXBuildFile; fileRef = 1A6FFF471A1FA8820063F622 /* vt_page_table.cpp */; };
		1A6FFF551A1FA8820063F622 /* vt_virtual_texture.cpp in Sources */ = {isa = PBXBuildFile; fileRef = 1A6FFF481A1FA8820063F622 /* vt_virtual_texture.cpp */; };
		1A6FFF691A1FA9190063F622 /* stb in Resources */ = {isa = PBXBuildFile; fileRef = 1A6FFF601A1FA9190063F622 /* stb */; };
		1A6FFF6A1A1FA9190063F622 /* vt_tool_filters.cpp in Sources */ = {isa = PBXBuildFile; fileRef = 1A6FFF611A1FA9190063F622 /* vt_tool_filters.cpp */; };
		1A6FFF6B1A1FA9190063F622 /* vt_tool_float_image_buffer.cpp in Sources */ = {isa = PBXBuildFile; fileRef = 1A6FFF621A1FA9190063F622 /* vt_tool_float_image_buffer.cpp */; };
		1A6FFF6C1A1FA9190063F622 /* vt_tool_image.cpp in Sources */ = {isa = PBXBuildFile; fileRef = 1A6FFF631A1FA9190063F622 /* vt_tool_image.cpp */; };
		1A6FFF6D1A1FA9190063F622 /* vt_tool_mipmapper.cpp in Sources */ = {isa = PBXBuildFile; fileRef = 1A6FFF641A1FA9190063F622 /* vt_tool_mipmapper.cpp */; };
		1A6FFF6E1A1FA9190063F622 /* vt_tool_pagefile_builder.cpp in Sources */ = {isa = PBXBuildFile; fileRef = 1A6FFF651A1FA9190063F622 /* vt_tool_pagefile_builder.cpp */; };
		1A6FFF6F1A1FA9190063F622 /* vt_tool_pixfont.cpp in Sources */ = {isa = PBXBuildFile; fileRef = 1A6FFF661A1FA9190063F622 /* vt_tool_pixfont.cpp */; };
		1A6FFF701A1FA9190063F622 /* vt_tool_platform_utils.mm in Sources */ = {isa = PBXBuildFile; fileRef = 1A6FFF671A1FA9190063F622 /* vt_tool_platform_utils.mm */; };
		1A6FFF711A1FA9190063F622 /* vt_tool_write_tga.cpp in Sources */ = {isa = PBXBuildFile; fileRef = 1A6FFF681A1FA9190063F622 /* vt_tool_write_tga.cpp */; };
		1A6FFF741A1FCC970063F622 /* box.c in Sources */ = {isa = PBXBuildFile; fileRef = 1A6FFF721A1FCC970063F622 /* box.c */; };
		1A6FFF751A1FCC970063F622 /* sphere.c in Sources */ = {isa = PBXBuildFile; fileRef = 1A6FFF731A1FCC970063F622 /* sphere.c */; };
		1A6FFF7A1A1FCCCA0063F622 /* arrow_right.png in Resources */ = {isa = PBXBuildFile; fileRef = 1A6FFF761A1FCCCA0063F622 /* arrow_right.png */; };
		1A6FFF7B1A1FCCCA0063F622 /* arrow_up.png in Resources */ = {isa = PBXBuildFile; fileRef = 1A6FFF771A1FCCCA0063F622 /* arrow_up.png */; };
		1A6FFF7C1A1FCCCA0063F622 /* switch_btn_off.png in Resources */ = {isa = PBXBuildFile; fileRef = 1A6FFF781A1FCCCA0063F622 /* switch_btn_off.png */; };
		1A6FFF7D1A1FCCCA0063F622 /* switch_btn_on.png in Resources */ = {isa = PBXBuildFile; fileRef = 1A6FFF791A1FCCCA0063F622 /* switch_btn_on.png */; };
		1A8A0C831A29182C00C015E2 /* where_are_the_libs.txt in Resources */ = {isa = PBXBuildFile; fileRef = 1A8A0C811A29182C00C015E2 /* where_are_the_libs.txt */; };
		1A9242AF1A26742A00C0619C /* brick_wall.vt in Resources */ = {isa = PBXBuildFile; fileRef = 1A9242AD1A26742A00C0619C /* brick_wall.vt */; };
		1A9242B01A26742A00C0619C /* lenna.vt in Resources */ = {isa = PBXBuildFile; fileRef = 1A9242AE1A26742A00C0619C /* lenna.vt */; };
		1A9242B51A26745700C0619C /* vt_render_lit.frag in Resources */ = {isa = PBXBuildFile; fileRef = 1A9242B11A26745700C0619C /* vt_render_lit.frag */; };
		1A9242B61A26745700C0619C /* vt_render_lit.vert in Resources */ = {isa = PBXBuildFile; fileRef = 1A9242B21A26745700C0619C /* vt_render_lit.vert */; };
		1A9242B71A26745700C0619C /* vt_render_simple.frag in Resources */ = {isa = PBXBuildFile; fileRef = 1A9242B31A26745700C0619C /* vt_render_simple.frag */; };
		1A9242B81A26745700C0619C /* vt_render_simple.vert in Resources */ = {isa = PBXBuildFile; fileRef = 1A9242B41A26745700C0619C /* vt_render_simple.vert */; };
		1A9242BA1A26750C00C0619C /* Images.xcassets in Resources */ = {isa = PBXBuildFile; fileRef = 1A9242B91A26750C00C0619C /* Images.xcassets */; };
		1AFC66F81A37E107005AE6F9 /* README.md in Sources */ = {isa = PBXBuildFile; fileRef = 1AFC66F71A37E107005AE6F9 /* README.md */; };
		1D60589F0D05DD5A006BFB54 /* Foundation.framework in Frameworks */ = {isa = PBXBuildFile; fileRef = 1D30AB110D05D00D00671497 /* Foundation.framework */; };
		1DF5F4E00D08C38300B7A737 /* UIKit.framework in Frameworks */ = {isa = PBXBuildFile; fileRef = 1DF5F4DF0D08C38300B7A737 /* UIKit.framework */; };
		28FD15000DC6FC520079059D /* OpenGLES.framework in Frameworks */ = {isa = PBXBuildFile; fileRef = 28FD14FF0DC6FC520079059D /* OpenGLES.framework */; };
		28FD15080DC6FC5B0079059D /* QuartzCore.framework in Frameworks */ = {isa = PBXBuildFile; fileRef = 28FD15070DC6FC5B0079059D /* QuartzCore.framework */; };
		EE1A02A4230AEF720006F8BD /* SDL2.a in Frameworks */ = {isa = PBXBuildFile; fileRef = EE1A02A3230AEF720006F8BD /* SDL2.a */; };
		EE1A02FB230AF0370006F8BD /* SDL_config.h.cmake in Resources */ = {isa = PBXBuildFile; fileRef = EE1A02AA230AF0330006F8BD /* SDL_config.h.cmake */; };
		EE1A02FC230AF0370006F8BD /* SDL_config.h.in in Resources */ = {isa = PBXBuildFile; fileRef = EE1A02F0230AF0360006F8BD /* SDL_config.h.in */; };
		EE1A02FE230AF07D0006F8BD /* AVFoundation.framework in Frameworks */ = {isa = PBXBuildFile; fileRef = EE1A02FD230AF07D0006F8BD /* AVFoundation.framework */; };
		EE1A0301230AF0D80006F8BD /* CoreAudioKit.framework in Frameworks */ = {isa = PBXBuildFile; fileRef = EE1A0300230AF0D80006F8BD /* CoreAudioKit.framework */; };
		EE1A0303230AF1010006F8BD /* MediaPlayer.framework in Frameworks */ = {isa = PBXBuildFile; fileRef = EE1A0302230AF1010006F8BD /* MediaPlayer.framework */; };
		EE1A0305230AF1060006F8BD /* GameController.framework in Frameworks */ = {isa = PBXBuildFile; fileRef = EE1A0304230AF1060006F8BD /* GameController.framework */; };
		EE1A0307230AF1240006F8BD /* CoreMotion.framework in Frameworks */ = {isa = PBXBuildFile; fileRef = EE1A0306230AF1240006F8BD /* CoreMotion.framework */; };
		FD779EDE0E26BA1200F39101 /* CoreAudio.framework in Frameworks */ = {isa = PBXBuildFile; fileRef = FD779EDD0E26BA1200F39101 /* CoreAudio.framework */; };
		FD77A0850E26BDB800F39101 /* AudioToolbox.framework in Frameworks */ = {isa = PBXBuildFile; fileRef = FD77A0840E26BDB800F39101 /* AudioToolbox.framework */; };
		FD77A09D0E26BDE500F39101 /* demo_app_simple.cpp in Sources */ = {isa = PBXBuildFile; fileRef = FD77A09C0E26BDE500F39101 /* demo_app_simple.cpp */; };
		FDB8BFC60E5A0F6A00980157 /* CoreGraphics.framework in Frameworks */ = {isa = PBXBuildFile; fileRef = FDB8BFC50E5A0F6A00980157 /* CoreGraphics.framework */; };
/* End PBXBuildFile section */

/* Begin PBXFileReference section */
		1A6FFF0A1A1F9BB30063F622 /* camera.cpp */ = {isa = PBXFileReference; fileEncoding = 4; lastKnownFileType = sourcecode.cpp.cpp; name = camera.cpp; path = ../shared_source/camera.cpp; sourceTree = "<group>"; };
		1A6FFF0B1A1F9BB30063F622 /* camera.hpp */ = {isa = PBXFileReference; fileEncoding = 4; lastKnownFileType = sourcecode.cpp.h; name = camera.hpp; path = ../shared_source/camera.hpp; sourceTree = "<group>"; };
		1A6FFF0C1A1F9BB30063F622 /* obj3d.cpp */ = {isa = PBXFileReference; fileEncoding = 4; lastKnownFileType = sourcecode.cpp.cpp; name = obj3d.cpp; path = ../shared_source/obj3d.cpp; sourceTree = "<group>"; };
		1A6FFF0D1A1F9BB30063F622 /* obj3d.hpp */ = {isa = PBXFileReference; fileEncoding = 4; lastKnownFileType = sourcecode.cpp.h; name = obj3d.hpp; path = ../shared_source/obj3d.hpp; sourceTree = "<group>"; };
		1A6FFF0E1A1F9BB30063F622 /* vectormath.hpp */ = {isa = PBXFileReference; fileEncoding = 4; lastKnownFileType = sourcecode.cpp.h; name = vectormath.hpp; path = ../shared_source/vectormath.hpp; sourceTree = "<group>"; };
		1A6FFF111A1FA5BF0063F622 /* demo_app_base.cpp */ = {isa = PBXFileReference; fileEncoding = 4; lastKnownFileType = sourcecode.cpp.cpp; name = demo_app_base.cpp; path = ../shared_source/demo_app_base.cpp; sourceTree = "<group>"; };
		1A6FFF121A1FA5BF0063F622 /* demo_app_base.hpp */ = {isa = PBXFileReference; fileEncoding = 4; lastKnownFileType = sourcecode.cpp.h; name = demo_app_base.hpp; path = ../shared_source/demo_app_base.hpp; sourceTree = "<group>"; };
		1A6FFF181A1FA85C0063F622 /* draw_indirection_table.frag */ = {isa = PBXFileReference; fileEncoding = 4; lastKnownFileType = sourcecode.glsl; name = draw_indirection_table.frag; path = ../../vt_lib/glsl/draw_indirection_table.frag; sourceTree = "<group>"; };
		1A6FFF191A1FA85C0063F622 /* draw_indirection_table.vert */ = {isa = PBXFileReference; fileEncoding = 4; lastKnownFileType = sourcecode.glsl; name = draw_indirection_table.vert; path = ../../vt_lib/glsl/draw_indirection_table.vert; sourceTree = "<group>"; };
		1A6FFF1A1A1FA85C0063F622 /* draw_page_table.frag */ = {isa = PBXFileReference; fileEncoding = 4; lastKnownFileType = sourcecode.glsl; name = draw_page_table.frag; path = ../../vt_lib/glsl/draw_page_table.frag; sourceTree = "<group>"; };
		1A6FFF1B1A1FA85C0063F622 /* draw_page_table.vert */ = {isa = PBXFileReference; fileEncoding = 4; lastKnownFileType = sourcecode.glsl; name = draw_page_table.vert; path = ../../vt_lib/glsl/draw_page_table.vert; sourceTree = "<group>"; };
		1A6FFF1C1A1FA85C0063F622 /* draw_text_2d.frag */ = {isa = PBXFileReference; fileEncoding = 4; lastKnownFileType = sourcecode.glsl; name = draw_text_2d.frag; path = ../../vt_lib/glsl/draw_text_2d.frag; sourceTree = "<group>"; };
		1A6FFF1D1A1FA85C0063F622 /* draw_text_2d.vert */ = {isa = PBXFileReference; fileEncoding = 4; lastKnownFileType = sourcecode.glsl; name = draw_text_2d.vert; path = ../../vt_lib/glsl/draw_text_2d.vert; sourceTree = "<group>"; };
		1A6FFF1E1A1FA85C0063F622 /* indirection_rgb565.glsl */ = {isa = PBXFileReference; fileEncoding = 4; lastKnownFileType = text; name = indirection_rgb565.glsl; path = ../../vt_lib/glsl/indirection_rgb565.glsl; sourceTree = "<group>"; };
		1A6FFF1F1A1FA85C0063F622 /* indirection_rgba8888.glsl */ = {isa = PBXFileReference; fileEncoding = 4; lastKnownFileType = text; name = indirection_rgba8888.glsl; path = ../../vt_lib/glsl/indirection_rgba8888.glsl; sourceTree = "<group>"; };
		1A6FFF201A1FA85C0063F622 /* page_id_gen_pass.frag */ = {isa = PBXFileReference; fileEncoding = 4; lastKnownFileType = sourcecode.glsl; name = page_id_gen_pass.frag; path = ../../vt_lib/glsl/page_id_gen_pass.frag; sourceTree = "<group>"; };
		1A6FFF211A1FA85C0063F622 /* page_id_gen_pass.vert */ = {isa = PBXFileReference; fileEncoding = 4; lastKnownFileType = sourcecode.glsl; name = page_id_gen_pass.vert; path = ../../vt_lib/glsl/page_id_gen_pass.vert; sourceTree = "<group>"; };
		1A6FFF301A1FA8710063F622 /* vt_builtin_text.hpp */ = {isa = PBXFileReference; fileEncoding = 4; lastKnownFileType = sourcecode.cpp.h; name = vt_builtin_text.hpp; path = ../../vt_lib/include/vt_builtin_text.hpp; sourceTree = "<group>"; };
		1A6FFF311A1FA8710063F622 /* vt_common.hpp */ = {isa = PBXFileReference; fileEncoding = 4; lastKnownFileType = sourcecode.cpp.h; name = vt_common.hpp; path = ../../vt_lib/include/vt_common.hpp; sourceTree = "<group>"; };
		1A6FFF321A1FA8710063F622 /* vt_mini_ui.hpp */ = {isa = PBXFileReference; fileEncoding = 4; lastKnownFileType = sourcecode.cpp.h; name = vt_mini_ui.hpp; path = ../../vt_lib/include/vt_mini_ui.hpp; sourceTree = "<group>"; };
		1A6FFF331A1FA8710063F622 /* vt_opengl.hpp */ = {isa = PBXFileReference; fileEncoding = 4; lastKnownFileType = sourcecode.cpp.h; name = vt_opengl.hpp; path = ../../vt_lib/include/vt_opengl.hpp; sourceTree = "<group>"; };
		1A6FFF341A1FA8710063F622 /* vt_page_cache_mgr.hpp */ = {isa = PBXFileReference; fileEncoding = 4; lastKnownFileType = sourcecode.cpp.h; name = vt_page_cache_mgr.hpp; path = ../../vt_lib/include/vt_page_cache_mgr.hpp; sourceTree = "<group>"; };
		1A6FFF351A1FA8710063F622 /* vt_page_file.hpp */ = {isa = PBXFileReference; fileEncoding = 4; lastKnownFileType = sourcecode.cpp.h; name = vt_page_file.hpp; path = ../../vt_lib/include/vt_page_file.hpp; sourceTree = "<group>"; };
		1A6FFF361A1FA8710063F622 /* vt_page_indirection_table.hpp */ = {isa = PBXFileReference; fileEncoding = 4; lastKnownFileType = sourcecode.cpp.h; name = vt_page_indirection_table.hpp; path = ../../vt_lib/include/vt_page_indirection_table.hpp; sourceTree = "<group>"; };
		1A6FFF371A1FA8710063F622 /* vt_page_provider.hpp */ = {isa = PBXFileReference; fileEncoding = 4; lastKnownFileType = sourcecode.cpp.h; name = vt_page_provider.hpp; path = ../../vt_lib/include/vt_page_provider.hpp; sourceTree = "<group>"; };
		1A6FFF381A1FA8710063F622 /* vt_page_resolver.hpp */ = {isa = PBXFileReference; fileEncoding = 4; lastKnownFileType = sourcecode.cpp.h; name = vt_page_resolver.hpp; path = ../../vt_lib/include/vt_page_resolver.hpp; sourceTree = "<group>"; };
		1A6FFF391A1FA8710063F622 /* vt_page_table.hpp */ = {isa = PBXFileReference; fileEncoding = 4; lastKnownFileType = sourcecode.cpp.h; name = vt_page_table.hpp; path = ../../vt_lib/include/vt_page_table.hpp; sourceTree = "<group>"; };
		1A6FFF3A1A1FA8710063F622 /* vt_virtual_texture.hpp */ = {isa = PBXFileReference; fileEncoding = 4; lastKnownFileType = sourcecode.cpp.h; name = vt_virtual_texture.hpp; path = ../../vt_lib/include/vt_virtual_texture.hpp; sourceTree = "<group>"; };
		1A6FFF3B1A1FA8710063F622 /* vt.hpp */ = {isa = PBXFileReference; fileEncoding = 4; lastKnownFileType = sourcecode.cpp.h; name = vt.hpp; path = ../../vt_lib/include/vt.hpp; sourceTree = "<group>"; };
		1A6FFF3C1A1FA8820063F622 /* builtin_fonts */ = {isa = PBXFileReference; lastKnownFileType = folder; name = builtin_fonts; path = ../../vt_lib/source/builtin_fonts; sourceTree = "<group>"; };
		1A6FFF3D1A1FA8820063F622 /* vt_builtin_text_atlas.cpp */ = {isa = PBXFileReference; fileEncoding = 4; lastKnownFileType = sourcecode.cpp.cpp; name = vt_builtin_text_atlas.cpp; path = ../../vt_lib/source/vt_builtin_text_atlas.cpp; sourceTree = "<group>"; };
		1A6FFF3E1A1FA8820063F622 /* vt_builtin_text.cpp */ = {isa = PBXFileReference; fileEncoding = 4; lastKnownFileType = sourcecode.cpp.cpp; name = vt_builtin_text.cpp; path = ../../vt_lib/source/vt_builtin_text.cpp; sourceTree = "<group>"; };
		1A6FFF3F1A1FA8820063F622 /* vt_common.cpp */ = {isa = PBXFileReference; fileEncoding = 4; lastKnownFileType = sourcecode.cpp.cpp; name = vt_common.cpp; path = ../../vt_lib/source/vt_common.cpp; sourceTree = "<group>"; };
		1A6FFF401A1FA8820063F622 /* vt_mini_ui.cpp */ = {isa = PBXFileReference; fileEncoding = 4; lastKnownFileType = sourcecode.cpp.cpp; name = vt_mini_ui.cpp; path = ../../vt_lib/source/vt_mini_ui.cpp; sourceTree = "<group>"; };
		1A6FFF411A1FA8820063F622 /* vt_opengl.cpp */ = {isa = PBXFileReference; fileEncoding = 4; lastKnownFileType = sourcecode.cpp.cpp; name = vt_opengl.cpp; path = ../../vt_lib/source/vt_opengl.cpp; sourceTree = "<group>"; };
		1A6FFF421A1FA8820063F622 /* vt_page_cache_mgr.cpp */ = {isa = PBXFileReference; fileEncoding = 4; lastKnownFileType = sourcecode.cpp.cpp; name = vt_page_cache_mgr.cpp; path = ../../vt_lib/source/vt_page_cache_mgr.cpp; sourceTree = "<group>"; };
		1A6FFF431A1FA8820063F622 /* vt_page_file.cpp */ = {isa = PBXFileReference; fileEncoding = 4; lastKnownFileType = sourcecode.cpp.cpp; name = vt_page_file.cpp; path = ../../vt_lib/source/vt_page_file.cpp; sourceTree = "<group>"; };
		1A6FFF441A1FA8820063F622 /* vt_page_indirection_table.cpp */ = {isa = PBXFileReference; fileEncoding = 4; lastKnownFileType = sourcecode.cpp.cpp; name = vt_page_indirection_table.cpp; path = ../../vt_lib/source/vt_page_indirection_table.cpp; sourceTree = "<group>"; };
		1A6FFF451A1FA8820063F622 /* vt_page_provider.cpp */ = {isa = PBXFileReference; fileEncoding = 4; lastKnownFileType = sourcecode.cpp.cpp; name = vt_page_provider.cpp; path = ../../vt_lib/source/vt_page_provider.cpp; sourceTree = "<group>"; };
		1A6FFF461A1FA8820063F622 /* vt_page_resolver.cpp */ = {isa = PBXFileReference; fileEncoding = 4; lastKnownFileType = sourcecode.cpp.cpp; name = vt_page_resolver.cpp; path = ../../vt_lib/source/vt_page_resolver.cpp; sourceTree = "<group>"; };
		1A6FFF471A1FA8820063F622 /* vt_page_table.cpp */ = {isa = PBXFileReference; fileEncoding = 4; lastKnownFileType = sourcecode.cpp.cpp; name = vt_page_table.cpp; path = ../../vt_lib/source/vt_page_table.cpp; sourceTree = "<group>"; };
		1A6FFF481A1FA8820063F622 /* vt_virtual_texture.cpp */ = {isa = PBXFileReference; fileEncoding = 4; lastKnownFileType = sourcecode.cpp.cpp; name = vt_virtual_texture.cpp; path = ../../vt_lib/source/vt_virtual_texture.cpp; sourceTree = "<group>"; };
		1A6FFF591A1FA90D0063F622 /* vt_file_format.hpp */ = {isa = PBXFileReference; fileEncoding = 4; lastKnownFileType = sourcecode.cpp.h; name = vt_file_format.hpp; path = ../../vt_tools/include/vt_file_format.hpp; sourceTree = "<group>"; };
		1A6FFF5A1A1FA90D0063F622 /* vt_tool_filters.hpp */ = {isa = PBXFileReference; fileEncoding = 4; lastKnownFileType = sourcecode.cpp.h; name = vt_tool_filters.hpp; path = ../../vt_tools/include/vt_tool_filters.hpp; sourceTree = "<group>"; };
		1A6FFF5B1A1FA90D0063F622 /* vt_tool_float_image_buffer.hpp */ = {isa = PBXFileReference; fileEncoding = 4; lastKnownFileType = sourcecode.cpp.h; name = vt_tool_float_image_buffer.hpp; path = ../../vt_tools/include/vt_tool_float_image_buffer.hpp; sourceTree = "<group>"; };
		1A6FFF5C1A1FA90D0063F622 /* vt_tool_image.hpp */ = {isa = PBXFileReference; fileEncoding = 4; lastKnownFileType = sourcecode.cpp.h; name = vt_tool_image.hpp; path = ../../vt_tools/include/vt_tool_image.hpp; sourceTree = "<group>"; };
		1A6FFF5D1A1FA90D0063F622 /* vt_tool_mipmapper.hpp */ = {isa = PBXFileReference; fileEncoding = 4; lastKnownFileType = sourcecode.cpp.h; name = vt_tool_mipmapper.hpp; path = ../../vt_tools/include/vt_tool_mipmapper.hpp; sourceTree = "<group>"; };
		1A6FFF5E1A1FA90D0063F622 /* vt_tool_pagefile_builder.hpp */ = {isa = PBXFileReference; fileEncoding = 4; lastKnownFileType = sourcecode.cpp.h; name = vt_tool_pagefile_builder.hpp; path = ../../vt_tools/include/vt_tool_pagefile_builder.hpp; sourceTree = "<group>"; };
		1A6FFF5F1A1FA90D0063F622 /* vt_tool_platform_utils.hpp */ = {isa = PBXFileReference; fileEncoding = 4; lastKnownFileType = sourcecode.cpp.h; name = vt_tool_platform_utils.hpp; path = ../../vt_tools/include/vt_tool_platform_utils.hpp; sourceTree = "<group>"; };
		1A6FFF601A1FA9190063F622 /* stb */ = {isa = PBXFileReference; lastKnownFileType = folder; name = stb; path = ../../vt_tools/source/stb; sourceTree = "<group>"; };
		1A6FFF611A1FA9190063F622 /* vt_tool_filters.cpp */ = {isa = PBXFileReference; fileEncoding = 4; lastKnownFileType = sourcecode.cpp.cpp; name = vt_tool_filters.cpp; path = ../../vt_tools/source/vt_tool_filters.cpp; sourceTree = "<group>"; };
		1A6FFF621A1FA9190063F622 /* vt_tool_float_image_buffer.cpp */ = {isa = PBXFileReference; fileEncoding = 4; lastKnownFileType = sourcecode.cpp.cpp; name = vt_tool_float_image_buffer.cpp; path = ../../vt_tools/source/vt_tool_float_image_buffer.cpp; sourceTree = "<group>"; };
		1A6FFF631A1FA9190063F622 /* vt_tool_image.cpp */ = {isa = PBXFileReference; fileEncoding = 4; lastKnownFileType = sourcecode.cpp.cpp; name = vt_tool_image.cpp; path = ../../vt_tools/source/vt_tool_image.cpp; sourceTree = "<group>"; };
		1A6FFF641A1FA9190063F622 /* vt_tool_mipmapper.cpp */ = {isa = PBXFileReference; fileEncoding = 4; lastKnownFileType = sourcecode.cpp.cpp; name = vt_tool_mipmapper.cpp; path = ../../vt_tools/source/vt_tool_mipmapper.cpp; sourceTree = "<group>"; };
		1A6FFF651A1FA9190063F622 /* vt_tool_pagefile_builder.cpp */ = {isa = PBXFileReference; fileEncoding = 4; lastKnownFileType = sourcecode.cpp.cpp; name = vt_tool_pagefile_builder.cpp; path = ../../vt_tools/source/vt_tool_pagefile_builder.cpp; sourceTree = "<group>"; };
		1A6FFF661A1FA9190063F622 /* vt_tool_pixfont.cpp */ = {isa = PBXFileReference; fileEncoding = 4; lastKnownFileType = sourcecode.cpp.cpp; name = vt_tool_pixfont.cpp; path = ../../vt_tools/source/vt_tool_pixfont.cpp; sourceTree = "<group>"; };
		1A6FFF671A1FA9190063F622 /* vt_tool_platform_utils.mm */ = {isa = PBXFileReference; fileEncoding = 4; lastKnownFileType = sourcecode.cpp.objcpp; name = vt_tool_platform_utils.mm; path = ../../vt_tools/source/vt_tool_platform_utils.mm; sourceTree = "<group>"; };
		1A6FFF681A1FA9190063F622 /* vt_tool_write_tga.cpp */ = {isa = PBXFileReference; fileEncoding = 4; lastKnownFileType = sourcecode.cpp.cpp; name = vt_tool_write_tga.cpp; path = ../../vt_tools/source/vt_tool_write_tga.cpp; sourceTree = "<group>"; };
		1A6FFF721A1FCC970063F622 /* box.c */ = {isa = PBXFileReference; fileEncoding = 4; lastKnownFileType = sourcecode.c.c; name = box.c; path = ../shared_source/box.c; sourceTree = "<group>"; };
		1A6FFF731A1FCC970063F622 /* sphere.c */ = {isa = PBXFileReference; fileEncoding = 4; lastKnownFileType = sourcecode.c.c; name = sphere.c; path = ../shared_source/sphere.c; sourceTree = "<group>"; };
		1A6FFF761A1FCCCA0063F622 /* arrow_right.png */ = {isa = PBXFileReference; lastKnownFileType = image.png; name = arrow_right.png; path = ../resources/ui/arrow_right.png; sourceTree = "<group>"; };
		1A6FFF771A1FCCCA0063F622 /* arrow_up.png */ = {isa = PBXFileReference; lastKnownFileType = image.png; name = arrow_up.png; path = ../resources/ui/arrow_up.png; sourceTree = "<group>"; };
		1A6FFF781A1FCCCA0063F622 /* switch_btn_off.png */ = {isa = PBXFileReference; lastKnownFileType = image.png; name = switch_btn_off.png; path = ../resources/ui/switch_btn_off.png; sourceTree = "<group>"; };
		1A6FFF791A1FCCCA0063F622 /* switch_btn_on.png */ = {isa = PBXFileReference; lastKnownFileType = image.png; name = switch_btn_on.png; path = ../resources/ui/switch_btn_on.png; sourceTree = "<group>"; };
		1A8A0C801A29182C00C015E2 /* SDL2_sim.a */ = {isa = PBXFileReference; lastKnownFileType = archive.ar; name = SDL2_sim.a; path = ../shared_source/sdl/lib/SDL2_sim.a; sourceTree = "<group>"; };
		1A8A0C811A29182C00C015E2 /* where_are_the_libs.txt */ = {isa = PBXFileReference; fileEncoding = 4; lastKnownFileType = text; name = where_are_the_libs.txt; path = ../shared_source/sdl/lib/where_are_the_libs.txt; sourceTree = "<group>"; };
		1A9242AD1A26742A00C0619C /* brick_wall.vt */ = {isa = PBXFileReference; lastKnownFileType = file; name = brick_wall.vt; path = ../resources/textures/brick_wall.vt; sourceTree = "<group>"; };
		1A9242AE1A26742A00C0619C /* lenna.vt */ = {isa = PBXFileReference; lastKnownFileType = file; name = lenna.vt; path = ../resources/textures/lenna.vt; sourceTree = "<group>"; };
		1A9242B11A26745700C0619C /* vt_render_lit.frag */ = {isa = PBXFileReference; fileEncoding = 4; lastKnownFileType = sourcecode.glsl; name = vt_render_lit.frag; path = ../../vt_lib/glsl/vt_render_lit.frag; sourceTree = "<group>"; };
		1A9242B21A26745700C0619C /* vt_render_lit.vert */ = {isa = PBXFileReference; fileEncoding = 4; lastKnownFileType = sourcecode.glsl; name = vt_render_lit.vert; path = ../../vt_lib/glsl/vt_render_lit.vert; sourceTree = "<group>"; };
		1A9242B31A26745700C0619C /* vt_render_simple.frag */ = {isa = PBXFileReference; fileEncoding = 4; lastKnownFileType = sourcecode.glsl; name = vt_render_simple.frag; path = ../../vt_lib/glsl/vt_render_simple.frag; sourceTree = "<group>"; };
		1A9242B41A26745700C0619C /* vt_render_simple.vert */ = {isa = PBXFileReference; fileEncoding = 4; lastKnownFileType = sourcecode.glsl; name = vt_render_simple.vert; path = ../../vt_lib/glsl/vt_render_simple.vert; sourceTree = "<group>"; };
		1A9242B91A26750C00C0619C /* Images.xcassets */ = {isa = PBXFileReference; lastKnownFileType = folder.assetcatalog; name = Images.xcassets; path = vtDemoSimple/Images.xcassets; sourceTree = "<group>"; };
		1AFC66F71A37E107005AE6F9 /* README.md */ = {isa = PBXFileReference; fileEncoding = 4; lastKnownFileType = net.daringfireball.markdown; name = README.md; path = ../resources/textures/README.md; sourceTree = "<group>"; };
		1D30AB110D05D00D00671497 /* Foundation.framework */ = {isa = PBXFileReference; lastKnownFileType = wrapper.framework; name = Foundation.framework; path = System/Library/Frameworks/Foundation.framework; sourceTree = SDKROOT; };
		1D6058910D05DD3D006BFB54 /* vtDemoSimple.app */ = {isa = PBXFileReference; explicitFileType = wrapper.application; includeInIndex = 0; path = vtDemoSimple.app; sourceTree = BUILT_PRODUCTS_DIR; };
		1DF5F4DF0D08C38300B7A737 /* UIKit.framework */ = {isa = PBXFileReference; lastKnownFileType = wrapper.framework; name = UIKit.framework; path = System/Library/Frameworks/UIKit.framework; sourceTree = SDKROOT; };
		28FD14FF0DC6FC520079059D /* OpenGLES.framework */ = {isa = PBXFileReference; lastKnownFileType = wrapper.framework; name = OpenGLES.framework; path = System/Library/Frameworks/OpenGLES.framework; sourceTree = SDKROOT; };
		28FD15070DC6FC5B0079059D /* QuartzCore.framework */ = {isa = PBXFileReference; lastKnownFileType = wrapper.framework; name = QuartzCore.framework; path = System/Library/Frameworks/QuartzCore.framework; sourceTree = SDKROOT; };
		8D1107310486CEB800E47090 /* Info.plist */ = {isa = PBXFileReference; fileEncoding = 4; lastKnownFileType = text.plist.xml; path = Info.plist; sourceTree = "<group>"; };
		EE1A02A3230AEF720006F8BD /* SDL2.a */ = {isa = PBXFileReference; lastKnownFileType = archive.ar; path = SDL2.a; sourceTree = "<group>"; };
		EE1A02A5230AF0320006F8BD /* SDL_config.h */ = {isa = PBXFileReference; fileEncoding = 4; lastKnownFileType = sourcecode.c.h; path = SDL_config.h; sourceTree = "<group>"; };
		EE1A02A6230AF0320006F8BD /* SDL_test_log.h */ = {isa = PBXFileReference; fileEncoding = 4; lastKnownFileType = sourcecode.c.h; path = SDL_test_log.h; sourceTree = "<group>"; };
		EE1A02A7230AF0320006F8BD /* SDL_thread.h */ = {isa = PBXFileReference; fileEncoding = 4; lastKnownFileType = sourcecode.c.h; path = SDL_thread.h; sourceTree = "<group>"; };
		EE1A02A8230AF0320006F8BD /* SDL_config_minimal.h */ = {isa = PBXFileReference; fileEncoding = 4; lastKnownFileType = sourcecode.c.h; path = SDL_config_minimal.h; sourceTree = "<group>"; };
		EE1A02A9230AF0330006F8BD /* SDL_quit.h */ = {isa = PBXFileReference; fileEncoding = 4; lastKnownFileType = sourcecode.c.h; path = SDL_quit.h; sourceTree = "<group>"; };
		EE1A02AA230AF0330006F8BD /* SDL_config.h.cmake */ = {isa = PBXFileReference; fileEncoding = 4; lastKnownFileType = text; path = SDL_config.h.cmake; sourceTree = "<group>"; };
		EE1A02AB230AF0330006F8BD /* SDL_test_md5.h */ = {isa = PBXFileReference; fileEncoding = 4; lastKnownFileType = sourcecode.c.h; path = SDL_test_md5.h; sourceTree = "<group>"; };
		EE1A02AC230AF0330006F8BD /* SDL_test.h */ = {isa = PBXFileReference; fileEncoding = 4; lastKnownFileType = sourcecode.c.h; path = SDL_test.h; sourceTree = "<group>"; };
		EE1A02AD230AF0330006F8BD /* SDL_opengles2_gl2.h */ = {isa = PBXFileReference; fileEncoding = 4; lastKnownFileType = sourcecode.c.h; path = SDL_opengles2_gl2.h; sourceTree = "<group>"; };
		EE1A02AE230AF0330006F8BD /* SDL_config_os2.h */ = {isa = PBXFileReference; fileEncoding = 4; lastKnownFileType = sourcecode.c.h; path = SDL_config_os2.h; sourceTree = "<group>"; };
		EE1A02AF230AF0330006F8BD /* SDL_config_android.h */ = {isa = PBXFileReference; fileEncoding = 4; lastKnownFileType = sourcecode.c.h; path = SDL_config_android.h; sourceTree = "<group>"; };
		EE1A02B0230AF0330006F8BD /* SDL_test_compare.h */ = {isa = PBXFileReference; fileEncoding = 4; lastKnownFileType = sourcecode.c.h; path = SDL_test_compare.h; sourceTree = "<group>"; };
		EE1A02B1230AF0330006F8BD /* SDL_error.h */ = {isa = PBXFileReference; fileEncoding = 4; lastKnownFileType = sourcecode.c.h; path = SDL_error.h; sourceTree = "<group>"; };
		EE1A02B2230AF0330006F8BD /* SDL_rect.h */ = {isa = PBXFileReference; fileEncoding = 4; lastKnownFileType = sourcecode.c.h; path = SDL_rect.h; sourceTree = "<group>"; };
		EE1A02B3230AF0330006F8BD /* SDL_sensor.h */ = {isa = PBXFileReference; fileEncoding = 4; lastKnownFileType = sourcecode.c.h; path = SDL_sensor.h; sourceTree = "<group>"; };
		EE1A02B4230AF0330006F8BD /* SDL_assert.h */ = {isa = PBXFileReference; fileEncoding = 4; lastKnownFileType = sourcecode.c.h; path = SDL_assert.h; sourceTree = "<group>"; };
		EE1A02B5230AF0330006F8BD /* SDL_system.h */ = {isa = PBXFileReference; fileEncoding = 4; lastKnownFileType = sourcecode.c.h; path = SDL_system.h; sourceTree = "<group>"; };
		EE1A02B6230AF0330006F8BD /* SDL_test_font.h */ = {isa = PBXFileReference; fileEncoding = 4; lastKnownFileType = sourcecode.c.h; path = SDL_test_font.h; sourceTree = "<group>"; };
		EE1A02B7230AF0330006F8BD /* SDL_test_memory.h */ = {isa = PBXFileReference; fileEncoding = 4; lastKnownFileType = sourcecode.c.h; path = SDL_test_memory.h; sourceTree = "<group>"; };
		EE1A02B8230AF0330006F8BD /* SDL_config_pandora.h */ = {isa = PBXFileReference; fileEncoding = 4; lastKnownFileType = sourcecode.c.h; path = SDL_config_pandora.h; sourceTree = "<group>"; };
		EE1A02B9230AF0330006F8BD /* SDL_timer.h */ = {isa = PBXFileReference; fileEncoding = 4; lastKnownFileType = sourcecode.c.h; path = SDL_timer.h; sourceTree = "<group>"; };
		EE1A02BA230AF0330006F8BD /* SDL_video.h */ = {isa = PBXFileReference; fileEncoding = 4; lastKnownFileType = sourcecode.c.h; path = SDL_video.h; sourceTree = "<group>"; };
		EE1A02BB230AF0330006F8BD /* SDL_rwops.h */ = {isa = PBXFileReference; fileEncoding = 4; lastKnownFileType = sourcecode.c.h; path = SDL_rwops.h; sourceTree = "<group>"; };
		EE1A02BC230AF0330006F8BD /* SDL_types.h */ = {isa = PBXFileReference; fileEncoding = 4; lastKnownFileType = sourcecode.c.h; path = SDL_types.h; sourceTree = "<group>"; };
		EE1A02BD230AF0330006F8BD /* SDL_atomic.h */ = {isa = PBXFileReference; fileEncoding = 4; lastKnownFileType = sourcecode.c.h; path = SDL_atomic.h; sourceTree = "<group>"; };
		EE1A02BE230AF0340006F8BD /* SDL_cpuinfo.h */ = {isa = PBXFileReference; fileEncoding = 4; lastKnownFileType = sourcecode.c.h; path = SDL_cpuinfo.h; sourceTree = "<group>"; };
		EE1A02BF230AF0340006F8BD /* SDL_opengles2.h */ = {isa = PBXFileReference; fileEncoding = 4; lastKnownFileType = sourcecode.c.h; path = SDL_opengles2.h; sourceTree = "<group>"; };
		EE1A02C0230AF0340006F8BD /* SDL_opengles2_khrplatform.h */ = {isa = PBXFileReference; fileEncoding = 4; lastKnownFileType = sourcecode.c.h; path = SDL_opengles2_khrplatform.h; sourceTree = "<group>"; };
		EE1A02C1230AF0340006F8BD /* SDL_opengl_glext.h */ = {isa = PBXFileReference; fileEncoding = 4; lastKnownFileType = sourcecode.c.h; path = SDL_opengl_glext.h; sourceTree = "<group>"; };
		EE1A02C2230AF0340006F8BD /* SDL_pixels.h */ = {isa = PBXFileReference; fileEncoding = 4; lastKnownFileType = sourcecode.c.h; path = SDL_pixels.h; sourceTree = "<group>"; };
		EE1A02C3230AF0340006F8BD /* SDL_shape.h */ = {isa = PBXFileReference; fileEncoding = 4; lastKnownFileType = sourcecode.c.h; path = SDL_shape.h; sourceTree = "<group>"; };
		EE1A02C4230AF0340006F8BD /* SDL_test_crc32.h */ = {isa = PBXFileReference; fileEncoding = 4; lastKnownFileType = sourcecode.c.h; path = SDL_test_crc32.h; sourceTree = "<group>"; };
		EE1A02C5230AF0340006F8BD /* SDL_syswm.h */ = {isa = PBXFileReference; fileEncoding = 4; lastKnownFileType = sourcecode.c.h; path = SDL_syswm.h; sourceTree = "<group>"; };
		EE1A02C6230AF0340006F8BD /* SDL_version.h */ = {isa = PBXFileReference; fileEncoding = 4; lastKnownFileType = sourcecode.c.h; path = SDL_version.h; sourceTree = "<group>"; };
		EE1A02C7230AF0340006F8BD /* SDL_filesystem.h */ = {isa = PBXFileReference; fileEncoding = 4; lastKnownFileType = sourcecode.c.h; path = SDL_filesystem.h; sourceTree = "<group>"; };
		EE1A02C8230AF0340006F8BD /* SDL_events.h */ = {isa = PBXFileReference; fileEncoding = 4; lastKnownFileType = sourcecode.c.h; path = SDL_events.h; sourceTree = "<group>"; };
		EE1A02C9230AF0340006F8BD /* SDL_endian.h */ = {isa = PBXFileReference; fileEncoding = 4; lastKnownFileType = sourcecode.c.h; path = SDL_endian.h; sourceTree = "<group>"; };
		EE1A02CA230AF0340006F8BD /* SDL_config_iphoneos.h */ = {isa = PBXFileReference; fileEncoding = 4; lastKnownFileType = sourcecode.c.h; path = SDL_config_iphoneos.h; sourceTree = "<group>"; };
		EE1A02CB230AF0340006F8BD /* SDL_scancode.h */ = {isa = PBXFileReference; fileEncoding = 4; lastKnownFileType = sourcecode.c.h; path = SDL_scancode.h; sourceTree = "<group>"; };
		EE1A02CC230AF0340006F8BD /* close_code.h */ = {isa = PBXFileReference; fileEncoding = 4; lastKnownFileType = sourcecode.c.h; path = close_code.h; sourceTree = "<group>"; };
		EE1A02CD230AF0340006F8BD /* SDL_mouse.h */ = {isa = PBXFileReference; fileEncoding = 4; lastKnownFileType = sourcecode.c.h; path = SDL_mouse.h; sourceTree = "<group>"; };
		EE1A02CE230AF0340006F8BD /* SDL_audio.h */ = {isa = PBXFileReference; fileEncoding = 4; lastKnownFileType = sourcecode.c.h; path = SDL_audio.h; sourceTree = "<group>"; };
		EE1A02CF230AF0340006F8BD /* SDL_gesture.h */ = {isa = PBXFileReference; fileEncoding = 4; lastKnownFileType = sourcecode.c.h; path = SDL_gesture.h; sourceTree = "<group>"; };
		EE1A02D0230AF0340006F8BD /* SDL_mutex.h */ = {isa = PBXFileReference; fileEncoding = 4; lastKnownFileType = sourcecode.c.h; path = SDL_mutex.h; sourceTree = "<group>"; };
		EE1A02D1230AF0340006F8BD /* SDL_egl.h */ = {isa = PBXFileReference; fileEncoding = 4; lastKnownFileType = sourcecode.c.h; path = SDL_egl.h; sourceTree = "<group>"; };
		EE1A02D2230AF0340006F8BD /* SDL_loadso.h */ = {isa = PBXFileReference; fileEncoding = 4; lastKnownFileType = sourcecode.c.h; path = SDL_loadso.h; sourceTree = "<group>"; };
		EE1A02D3230AF0340006F8BD /* SDL_keycode.h */ = {isa = PBXFileReference; fileEncoding = 4; lastKnownFileType = sourcecode.c.h; path = SDL_keycode.h; sourceTree = "<group>"; };
		EE1A02D4230AF0340006F8BD /* SDL_power.h */ = {isa = PBXFileReference; fileEncoding = 4; lastKnownFileType = sourcecode.c.h; path = SDL_power.h; sourceTree = "<group>"; };
		EE1A02D5230AF0350006F8BD /* SDL_test_images.h */ = {isa = PBXFileReference; fileEncoding = 4; lastKnownFileType = sourcecode.c.h; path = SDL_test_images.h; sourceTree = "<group>"; };
		EE1A02D6230AF0350006F8BD /* SDL_config_macosx.h */ = {isa = PBXFileReference; fileEncoding = 4; lastKnownFileType = sourcecode.c.h; path = SDL_config_macosx.h; sourceTree = "<group>"; };
		EE1A02D7230AF0350006F8BD /* SDL_config_psp.h */ = {isa = PBXFileReference; fileEncoding = 4; lastKnownFileType = sourcecode.c.h; path = SDL_config_psp.h; sourceTree = "<group>"; };
		EE1A02D8230AF0350006F8BD /* SDL_surface.h */ = {isa = PBXFileReference; fileEncoding = 4; lastKnownFileType = sourcecode.c.h; path = SDL_surface.h; sourceTree = "<group>"; };
		EE1A02D9230AF0350006F8BD /* SDL_haptic.h */ = {isa = PBXFileReference; fileEncoding = 4; lastKnownFileType = sourcecode.c.h; path = SDL_haptic.h; sourceTree = "<group>"; };
		EE1A02DA230AF0350006F8BD /* SDL_copying.h */ = {isa = PBXFileReference; fileEncoding = 4; lastKnownFileType = sourcecode.c.h; path = SDL_copying.h; sourceTree = "<group>"; };
		EE1A02DB230AF0350006F8BD /* SDL_test_random.h */ = {isa = PBXFileReference; fileEncoding = 4; lastKnownFileType = sourcecode.c.h; path = SDL_test_random.h; sourceTree = "<group>"; };
		EE1A02DC230AF0350006F8BD /* SDL.h */ = {isa = PBXFileReference; fileEncoding = 4; lastKnownFileType = sourcecode.c.h; path = SDL.h; sourceTree = "<group>"; };
		EE1A02DD230AF0350006F8BD /* SDL_revision.h */ = {isa = PBXFileReference; fileEncoding = 4; lastKnownFileType = sourcecode.c.h; path = SDL_revision.h; sourceTree = "<group>"; };
		EE1A02DE230AF0350006F8BD /* SDL_bits.h */ = {isa = PBXFileReference; fileEncoding = 4; lastKnownFileType = sourcecode.c.h; path = SDL_bits.h; sourceTree = "<group>"; };
		EE1A02DF230AF0350006F8BD /* SDL_name.h */ = {isa = PBXFileReference; fileEncoding = 4; lastKnownFileType = sourcecode.c.h; path = SDL_name.h; sourceTree = "<group>"; };
		EE1A02E0230AF0350006F8BD /* SDL_test_common.h */ = {isa = PBXFileReference; fileEncoding = 4; lastKnownFileType = sourcecode.c.h; path = SDL_test_common.h; sourceTree = "<group>"; };
		EE1A02E1230AF0350006F8BD /* SDL_config_windows.h */ = {isa = PBXFileReference; fileEncoding = 4; lastKnownFileType = sourcecode.c.h; path = SDL_config_windows.h; sourceTree = "<group>"; };
		EE1A02E2230AF0360006F8BD /* SDL_gamecontroller.h */ = {isa = PBXFileReference; fileEncoding = 4; lastKnownFileType = sourcecode.c.h; path = SDL_gamecontroller.h; sourceTree = "<group>"; };
		EE1A02E3230AF0360006F8BD /* SDL_test_harness.h */ = {isa = PBXFileReference; fileEncoding = 4; lastKnownFileType = sourcecode.c.h; path = SDL_test_harness.h; sourceTree = "<group>"; };
		EE1A02E4230AF0360006F8BD /* SDL_blendmode.h */ = {isa = PBXFileReference; fileEncoding = 4; lastKnownFileType = sourcecode.c.h; path = SDL_blendmode.h; sourceTree = "<group>"; };
		EE1A02E5230AF0360006F8BD /* SDL_keyboard.h */ = {isa = PBXFileReference; fileEncoding = 4; lastKnownFileType = sourcecode.c.h; path = SDL_keyboard.h; sourceTree = "<group>"; };
		EE1A02E6230AF0360006F8BD /* SDL_messagebox.h */ = {isa = PBXFileReference; fileEncoding = 4; lastKnownFileType = sourcecode.c.h; path = SDL_messagebox.h; sourceTree = "<group>"; };
		EE1A02E7230AF0360006F8BD /* SDL_test_fuzzer.h */ = {isa = PBXFileReference; fileEncoding = 4; lastKnownFileType = sourcecode.c.h; path = SDL_test_fuzzer.h; sourceTree = "<group>"; };
		EE1A02E8230AF0360006F8BD /* SDL_vulkan.h */ = {isa = PBXFileReference; fileEncoding = 4; lastKnownFileType = sourcecode.c.h; path = SDL_vulkan.h; sourceTree = "<group>"; };
		EE1A02E9230AF0360006F8BD /* SDL_opengles.h */ = {isa = PBXFileReference; fileEncoding = 4; lastKnownFileType = sourcecode.c.h; path = SDL_opengles.h; sourceTree = "<group>"; };
		EE1A02EA230AF0360006F8BD /* SDL_render.h */ = {isa = PBXFileReference; fileEncoding = 4; lastKnownFileType = sourcecode.c.h; path = SDL_render.h; sourceTree = "<group>"; };
		EE1A02EB230AF0360006F8BD /* SDL_opengles2_gl2platform.h */ = {isa = PBXFileReference; fileEncoding = 4; lastKnownFileType = sourcecode.c.h; path = SDL_opengles2_gl2platform.h; sourceTree = "<group>"; };
		EE1A02EC230AF0360006F8BD /* SDL_opengles2_gl2ext.h */ = {isa = PBXFileReference; fileEncoding = 4; lastKnownFileType = sourcecode.c.h; path = SDL_opengles2_gl2ext.h; sourceTree = "<group>"; };
		EE1A02ED230AF0360006F8BD /* SDL_log.h */ = {isa = PBXFileReference; fileEncoding = 4; lastKnownFileType = sourcecode.c.h; path = SDL_log.h; sourceTree = "<group>"; };
		EE1A02EE230AF0360006F8BD /* SDL_touch.h */ = {isa = PBXFileReference; fileEncoding = 4; lastKnownFileType = sourcecode.c.h; path = SDL_touch.h; sourceTree = "<group>"; };
		EE1A02EF230AF0360006F8BD /* SDL_opengl.h */ = {isa = PBXFileReference; fileEncoding = 4; lastKnownFileType = sourcecode.c.h; path = SDL_opengl.h; sourceTree = "<group>"; };
		EE1A02F0230AF0360006F8BD /* SDL_config.h.in */ = {isa = PBXFileReference; fileEncoding = 4; lastKnownFileType = text; path = SDL_config.h.in; sourceTree = "<group>"; };
		EE1A02F1230AF0360006F8BD /* begin_code.h */ = {isa = PBXFileReference; fileEncoding = 4; lastKnownFileType = sourcecode.c.h; path = begin_code.h; sourceTree = "<group>"; };
		EE1A02F2230AF0370006F8BD /* SDL_main.h */ = {isa = PBXFileReference; fileEncoding = 4; lastKnownFileType = sourcecode.c.h; path = SDL_main.h; sourceTree = "<group>"; };
		EE1A02F3230AF0370006F8BD /* SDL_test_assert.h */ = {isa = PBXFileReference; fileEncoding = 4; lastKnownFileType = sourcecode.c.h; path = SDL_test_assert.h; sourceTree = "<group>"; };
		EE1A02F4230AF0370006F8BD /* SDL_joystick.h */ = {isa = PBXFileReference; fileEncoding = 4; lastKnownFileType = sourcecode.c.h; path = SDL_joystick.h; sourceTree = "<group>"; };
		EE1A02F5230AF0370006F8BD /* SDL_stdinc.h */ = {isa = PBXFileReference; fileEncoding = 4; lastKnownFileType = sourcecode.c.h; path = SDL_stdinc.h; sourceTree = "<group>"; };
		EE1A02F6230AF0370006F8BD /* SDL_clipboard.h */ = {isa = PBXFileReference; fileEncoding = 4; lastKnownFileType = sourcecode.c.h; path = SDL_clipboard.h; sourceTree = "<group>"; };
		EE1A02F7230AF0370006F8BD /* SDL_config_wiz.h */ = {isa = PBXFileReference; fileEncoding = 4; lastKnownFileType = sourcecode.c.h; path = SDL_config_wiz.h; sourceTree = "<group>"; };
		EE1A02F8230AF0370006F8BD /* SDL_platform.h */ = {isa = PBXFileReference; fileEncoding = 4; lastKnownFileType = sourcecode.c.h; path = SDL_platform.h; sourceTree = "<group>"; };
		EE1A02F9230AF0370006F8BD /* SDL_config_winrt.h */ = {isa = PBXFileReference; fileEncoding = 4; lastKnownFileType = sourcecode.c.h; path = SDL_config_winrt.h; sourceTree = "<group>"; };
		EE1A02FA230AF0370006F8BD /* SDL_hints.h */ = {isa = PBXFileReference; fileEncoding = 4; lastKnownFileType = sourcecode.c.h; path = SDL_hints.h; sourceTree = "<group>"; };
		EE1A02FD230AF07D0006F8BD /* AVFoundation.framework */ = {isa = PBXFileReference; lastKnownFileType = wrapper.framework; name = AVFoundation.framework; path = System/Library/Frameworks/AVFoundation.framework; sourceTree = SDKROOT; };
		EE1A0300230AF0D80006F8BD /* CoreAudioKit.framework */ = {isa = PBXFileReference; lastKnownFileType = wrapper.framework; name = CoreAudioKit.framework; path = System/Library/Frameworks/CoreAudioKit.framework; sourceTree = SDKROOT; };
		EE1A0302230AF1010006F8BD /* MediaPlayer.framework */ = {isa = PBXFileReference; lastKnownFileType = wrapper.framework; name = MediaPlayer.framework; path = System/Library/Frameworks/MediaPlayer.framework; sourceTree = SDKROOT; };
		EE1A0304230AF1060006F8BD /* GameController.framework */ = {isa = PBXFileReference; lastKnownFileType = wrapper.framework; name = GameController.framework; path = System/Library/Frameworks/GameController.framework; sourceTree = SDKROOT; };
		EE1A0306230AF1240006F8BD /* CoreMotion.framework */ = {isa = PBXFileReference; lastKnownFileType = wrapper.framework; name = CoreMotion.framework; path = System/Library/Frameworks/CoreMotion.framework; sourceTree = SDKROOT; };
		FD779EDD0E26BA1200F39101 /* CoreAudio.framework */ = {isa = PBXFileReference; lastKnownFileType = wrapper.framework; name = CoreAudio.framework; path = System/Library/Frameworks/CoreAudio.framework; sourceTree = SDKROOT; };
		FD77A0840E26BDB800F39101 /* AudioToolbox.framework */ = {isa = PBXFileReference; lastKnownFileType = wrapper.framework; name = AudioToolbox.framework; path = System/Library/Frameworks/AudioToolbox.framework; sourceTree = SDKROOT; };
		FD77A09C0E26BDE500F39101 /* demo_app_simple.cpp */ = {isa = PBXFileReference; fileEncoding = 4; lastKnownFileType = sourcecode.cpp.cpp; path = demo_app_simple.cpp; sourceTree = "<group>"; };
		FDB8BFC50E5A0F6A00980157 /* CoreGraphics.framework */ = {isa = PBXFileReference; lastKnownFileType = wrapper.framework; name = CoreGraphics.framework; path = System/Library/Frameworks/CoreGraphics.framework; sourceTree = SDKROOT; };
/* End PBXFileReference section */

/* Begin PBXFrameworksBuildPhase section */
		1D60588F0D05DD3D006BFB54 /* Frameworks */ = {
			isa = PBXFrameworksBuildPhase;
			buildActionMask = 2147483647;
			files = (
				EE1A0307230AF1240006F8BD /* CoreMotion.framework in Frameworks */,
				EE1A0305230AF1060006F8BD /* GameController.framework in Frameworks */,
				EE1A0303230AF1010006F8BD /* MediaPlayer.framework in Frameworks */,
				EE1A0301230AF0D80006F8BD /* CoreAudioKit.framework in Frameworks */,
				EE1A02FE230AF07D0006F8BD /* AVFoundation.framework in Frameworks */,
				1D60589F0D05DD5A006BFB54 /* Foundation.framework in Frameworks */,
				1DF5F4E00D08C38300B7A737 /* UIKit.framework in Frameworks */,
				EE1A02A4230AEF720006F8BD /* SDL2.a in Frameworks */,
				28FD15000DC6FC520079059D /* OpenGLES.framework in Frameworks */,
				28FD15080DC6FC5B0079059D /* QuartzCore.framework in Frameworks */,
				FD779EDE0E26BA1200F39101 /* CoreAudio.framework in Frameworks */,
				FD77A0850E26BDB800F39101 /* AudioToolbox.framework in Frameworks */,
				FDB8BFC60E5A0F6A00980157 /* CoreGraphics.framework in Frameworks */,
			);
			runOnlyForDeploymentPostprocessing = 0;
		};
/* End PBXFrameworksBuildPhase section */

/* Begin PBXGroup section */
		19C28FACFE9D520D11CA2CBB /* Products */ = {
			isa = PBXGroup;
			children = (
				1D6058910D05DD3D006BFB54 /* vtDemoSimple.app */,
			);
			name = Products;
			sourceTree = "<group>";
		};
		1A2A2EEC1A224E5000C7D13F /* UI */ = {
			isa = PBXGroup;
			children = (
				1A6FFF761A1FCCCA0063F622 /* arrow_right.png */,
				1A6FFF771A1FCCCA0063F622 /* arrow_up.png */,
				1A6FFF781A1FCCCA0063F622 /* switch_btn_off.png */,
				1A6FFF791A1FCCCA0063F622 /* switch_btn_on.png */,
			);
			name = UI;
			sourceTree = "<group>";
		};
		1A2A2EED1A224E6900C7D13F /* VTs */ = {
			isa = PBXGroup;
			children = (
				1AFC66F71A37E107005AE6F9 /* README.md */,
				1A9242AD1A26742A00C0619C /* brick_wall.vt */,
				1A9242AE1A26742A00C0619C /* lenna.vt */,
			);
			name = VTs;
			sourceTree = "<group>";
		};
		1A6FFE6A1A1F7FB60063F622 /* Shared */ = {
			isa = PBXGroup;
			children = (
				1A6FFF121A1FA5BF0063F622 /* demo_app_base.hpp */,
				1A6FFF111A1FA5BF0063F622 /* demo_app_base.cpp */,
				1A6FFF0B1A1F9BB30063F622 /* camera.hpp */,
				1A6FFF0A1A1F9BB30063F622 /* camera.cpp */,
				1A6FFF0D1A1F9BB30063F622 /* obj3d.hpp */,
				1A6FFF0C1A1F9BB30063F622 /* obj3d.cpp */,
				1A6FFF0E1A1F9BB30063F622 /* vectormath.hpp */,
				1A6FFF721A1FCC970063F622 /* box.c */,
				1A6FFF731A1FCC970063F622 /* sphere.c */,
				1A6FFE6B1A1F7FCD0063F622 /* SDL */,
			);
			name = Shared;
			sourceTree = "<group>";
		};
		1A6FFE6B1A1F7FCD0063F622 /* SDL */ = {
			isa = PBXGroup;
			children = (
				1A6FFEBE1A1F80ED0063F622 /* Inc */,
				1A6FFEBB1A1F80C80063F622 /* Lib */,
			);
			name = SDL;
			sourceTree = "<group>";
		};
		1A6FFEBB1A1F80C80063F622 /* Lib */ = {
			isa = PBXGroup;
			children = (
				EE1A02A3230AEF720006F8BD /* SDL2.a */,
				1A8A0C801A29182C00C015E2 /* SDL2_sim.a */,
				1A8A0C811A29182C00C015E2 /* where_are_the_libs.txt */,
			);
			name = Lib;
			sourceTree = "<group>";
		};
		1A6FFEBE1A1F80ED0063F622 /* Inc */ = {
			isa = PBXGroup;
			children = (
				EE1A02F1230AF0360006F8BD /* begin_code.h */,
				EE1A02CC230AF0340006F8BD /* close_code.h */,
				EE1A02B4230AF0330006F8BD /* SDL_assert.h */,
				EE1A02BD230AF0330006F8BD /* SDL_atomic.h */,
				EE1A02CE230AF0340006F8BD /* SDL_audio.h */,
				EE1A02DE230AF0350006F8BD /* SDL_bits.h */,
				EE1A02E4230AF0360006F8BD /* SDL_blendmode.h */,
				EE1A02F6230AF0370006F8BD /* SDL_clipboard.h */,
				EE1A02AF230AF0330006F8BD /* SDL_config_android.h */,
				EE1A02CA230AF0340006F8BD /* SDL_config_iphoneos.h */,
				EE1A02D6230AF0350006F8BD /* SDL_config_macosx.h */,
				EE1A02A8230AF0320006F8BD /* SDL_config_minimal.h */,
				EE1A02AE230AF0330006F8BD /* SDL_config_os2.h */,
				EE1A02B8230AF0330006F8BD /* SDL_config_pandora.h */,
				EE1A02D7230AF0350006F8BD /* SDL_config_psp.h */,
				EE1A02E1230AF0350006F8BD /* SDL_config_windows.h */,
				EE1A02F9230AF0370006F8BD /* SDL_config_winrt.h */,
				EE1A02F7230AF0370006F8BD /* SDL_config_wiz.h */,
				EE1A02A5230AF0320006F8BD /* SDL_config.h */,
				EE1A02AA230AF0330006F8BD /* SDL_config.h.cmake */,
				EE1A02F0230AF0360006F8BD /* SDL_config.h.in */,
				EE1A02DA230AF0350006F8BD /* SDL_copying.h */,
				EE1A02BE230AF0340006F8BD /* SDL_cpuinfo.h */,
				EE1A02D1230AF0340006F8BD /* SDL_egl.h */,
				EE1A02C9230AF0340006F8BD /* SDL_endian.h */,
				EE1A02B1230AF0330006F8BD /* SDL_error.h */,
				EE1A02C8230AF0340006F8BD /* SDL_events.h */,
				EE1A02C7230AF0340006F8BD /* SDL_filesystem.h */,
				EE1A02E2230AF0360006F8BD /* SDL_gamecontroller.h */,
				EE1A02CF230AF0340006F8BD /* SDL_gesture.h */,
				EE1A02D9230AF0350006F8BD /* SDL_haptic.h */,
				EE1A02FA230AF0370006F8BD /* SDL_hints.h */,
				EE1A02F4230AF0370006F8BD /* SDL_joystick.h */,
				EE1A02E5230AF0360006F8BD /* SDL_keyboard.h */,
				EE1A02D3230AF0340006F8BD /* SDL_keycode.h */,
				EE1A02D2230AF0340006F8BD /* SDL_loadso.h */,
				EE1A02ED230AF0360006F8BD /* SDL_log.h */,
				EE1A02F2230AF0370006F8BD /* SDL_main.h */,
				EE1A02E6230AF0360006F8BD /* SDL_messagebox.h */,
				EE1A02CD230AF0340006F8BD /* SDL_mouse.h */,
				EE1A02D0230AF0340006F8BD /* SDL_mutex.h */,
				EE1A02DF230AF0350006F8BD /* SDL_name.h */,
				EE1A02C1230AF0340006F8BD /* SDL_opengl_glext.h */,
				EE1A02EF230AF0360006F8BD /* SDL_opengl.h */,
				EE1A02E9230AF0360006F8BD /* SDL_opengles.h */,
				EE1A02AD230AF0330006F8BD /* SDL_opengles2_gl2.h */,
				EE1A02EC230AF0360006F8BD /* SDL_opengles2_gl2ext.h */,
				EE1A02EB230AF0360006F8BD /* SDL_opengles2_gl2platform.h */,
				EE1A02C0230AF0340006F8BD /* SDL_opengles2_khrplatform.h */,
				EE1A02BF230AF0340006F8BD /* SDL_opengles2.h */,
				EE1A02C2230AF0340006F8BD /* SDL_pixels.h */,
				EE1A02F8230AF0370006F8BD /* SDL_platform.h */,
				EE1A02D4230AF0340006F8BD /* SDL_power.h */,
				EE1A02A9230AF0330006F8BD /* SDL_quit.h */,
				EE1A02B2230AF0330006F8BD /* SDL_rect.h */,
				EE1A02EA230AF0360006F8BD /* SDL_render.h */,
				EE1A02DD230AF0350006F8BD /* SDL_revision.h */,
				EE1A02BB230AF0330006F8BD /* SDL_rwops.h */,
				EE1A02CB230AF0340006F8BD /* SDL_scancode.h */,
				EE1A02B3230AF0330006F8BD /* SDL_sensor.h */,
				EE1A02C3230AF0340006F8BD /* SDL_shape.h */,
				EE1A02F5230AF0370006F8BD /* SDL_stdinc.h */,
				EE1A02D8230AF0350006F8BD /* SDL_surface.h */,
				EE1A02B5230AF0330006F8BD /* SDL_system.h */,
				EE1A02C5230AF0340006F8BD /* SDL_syswm.h */,
				EE1A02F3230AF0370006F8BD /* SDL_test_assert.h */,
				EE1A02E0230AF0350006F8BD /* SDL_test_common.h */,
				EE1A02B0230AF0330006F8BD /* SDL_test_compare.h */,
				EE1A02C4230AF0340006F8BD /* SDL_test_crc32.h */,
				EE1A02B6230AF0330006F8BD /* SDL_test_font.h */,
				EE1A02E7230AF0360006F8BD /* SDL_test_fuzzer.h */,
				EE1A02E3230AF0360006F8BD /* SDL_test_harness.h */,
				EE1A02D5230AF0350006F8BD /* SDL_test_images.h */,
				EE1A02A6230AF0320006F8BD /* SDL_test_log.h */,
				EE1A02AB230AF0330006F8BD /* SDL_test_md5.h */,
				EE1A02B7230AF0330006F8BD /* SDL_test_memory.h */,
				EE1A02DB230AF0350006F8BD /* SDL_test_random.h */,
				EE1A02AC230AF0330006F8BD /* SDL_test.h */,
				EE1A02A7230AF0320006F8BD /* SDL_thread.h */,
				EE1A02B9230AF0330006F8BD /* SDL_timer.h */,
				EE1A02EE230AF0360006F8BD /* SDL_touch.h */,
				EE1A02BC230AF0330006F8BD /* SDL_types.h */,
				EE1A02C6230AF0340006F8BD /* SDL_version.h */,
				EE1A02BA230AF0330006F8BD /* SDL_video.h */,
				EE1A02E8230AF0360006F8BD /* SDL_vulkan.h */,
				EE1A02DC230AF0350006F8BD /* SDL.h */,
			);
			name = Inc;
			sourceTree = "<group>";
		};
		1A6FFF141A1FA7F30063F622 /* VTLib */ = {
			isa = PBXGroup;
			children = (
				1A6FFF171A1FA84C0063F622 /* GLSL */,
				1A6FFF151A1FA8210063F622 /* Inc */,
				1A6FFF161A1FA8280063F622 /* Src */,
			);
			name = VTLib;
			sourceTree = "<group>";
		};
		1A6FFF151A1FA8210063F622 /* Inc */ = {
			isa = PBXGroup;
			children = (
				1A6FFF301A1FA8710063F622 /* vt_builtin_text.hpp */,
				1A6FFF311A1FA8710063F622 /* vt_common.hpp */,
				1A6FFF321A1FA8710063F622 /* vt_mini_ui.hpp */,
				1A6FFF331A1FA8710063F622 /* vt_opengl.hpp */,
				1A6FFF341A1FA8710063F622 /* vt_page_cache_mgr.hpp */,
				1A6FFF351A1FA8710063F622 /* vt_page_file.hpp */,
				1A6FFF361A1FA8710063F622 /* vt_page_indirection_table.hpp */,
				1A6FFF371A1FA8710063F622 /* vt_page_provider.hpp */,
				1A6FFF381A1FA8710063F622 /* vt_page_resolver.hpp */,
				1A6FFF391A1FA8710063F622 /* vt_page_table.hpp */,
				1A6FFF3A1A1FA8710063F622 /* vt_virtual_texture.hpp */,
				1A6FFF3B1A1FA8710063F622 /* vt.hpp */,
			);
			name = Inc;
			sourceTree = "<group>";
		};
		1A6FFF161A1FA8280063F622 /* Src */ = {
			isa = PBXGroup;
			children = (
				1A6FFF3C1A1FA8820063F622 /* builtin_fonts */,
				1A6FFF3D1A1FA8820063F622 /* vt_builtin_text_atlas.cpp */,
				1A6FFF3E1A1FA8820063F622 /* vt_builtin_text.cpp */,
				1A6FFF3F1A1FA8820063F622 /* vt_common.cpp */,
				1A6FFF401A1FA8820063F622 /* vt_mini_ui.cpp */,
				1A6FFF411A1FA8820063F622 /* vt_opengl.cpp */,
				1A6FFF421A1FA8820063F622 /* vt_page_cache_mgr.cpp */,
				1A6FFF431A1FA8820063F622 /* vt_page_file.cpp */,
				1A6FFF441A1FA8820063F622 /* vt_page_indirection_table.cpp */,
				1A6FFF451A1FA8820063F622 /* vt_page_provider.cpp */,
				1A6FFF461A1FA8820063F622 /* vt_page_resolver.cpp */,
				1A6FFF471A1FA8820063F622 /* vt_page_table.cpp */,
				1A6FFF481A1FA8820063F622 /* vt_virtual_texture.cpp */,
			);
			name = Src;
			sourceTree = "<group>";
		};
		1A6FFF171A1FA84C0063F622 /* GLSL */ = {
			isa = PBXGroup;
			children = (
				1A6FFF181A1FA85C0063F622 /* draw_indirection_table.frag */,
				1A6FFF191A1FA85C0063F622 /* draw_indirection_table.vert */,
				1A6FFF1A1A1FA85C0063F622 /* draw_page_table.frag */,
				1A6FFF1B1A1FA85C0063F622 /* draw_page_table.vert */,
				1A6FFF1C1A1FA85C0063F622 /* draw_text_2d.frag */,
				1A6FFF1D1A1FA85C0063F622 /* draw_text_2d.vert */,
				1A6FFF1E1A1FA85C0063F622 /* indirection_rgb565.glsl */,
				1A6FFF1F1A1FA85C0063F622 /* indirection_rgba8888.glsl */,
				1A6FFF201A1FA85C0063F622 /* page_id_gen_pass.frag */,
				1A6FFF211A1FA85C0063F622 /* page_id_gen_pass.vert */,
				1A9242B11A26745700C0619C /* vt_render_lit.frag */,
				1A9242B21A26745700C0619C /* vt_render_lit.vert */,
				1A9242B31A26745700C0619C /* vt_render_simple.frag */,
				1A9242B41A26745700C0619C /* vt_render_simple.vert */,
			);
			name = GLSL;
			sourceTree = "<group>";
		};
		1A6FFF561A1FA8E20063F622 /* VTTools */ = {
			isa = PBXGroup;
			children = (
				1A6FFF581A1FA8FA0063F622 /* Inc */,
				1A6FFF571A1FA8F50063F622 /* Src */,
			);
			name = VTTools;
			sourceTree = "<group>";
		};
		1A6FFF571A1FA8F50063F622 /* Src */ = {
			isa = PBXGroup;
			children = (
				1A6FFF601A1FA9190063F622 /* stb */,
				1A6FFF611A1FA9190063F622 /* vt_tool_filters.cpp */,
				1A6FFF621A1FA9190063F622 /* vt_tool_float_image_buffer.cpp */,
				1A6FFF631A1FA9190063F622 /* vt_tool_image.cpp */,
				1A6FFF641A1FA9190063F622 /* vt_tool_mipmapper.cpp */,
				1A6FFF651A1FA9190063F622 /* vt_tool_pagefile_builder.cpp */,
				1A6FFF661A1FA9190063F622 /* vt_tool_pixfont.cpp */,
				1A6FFF671A1FA9190063F622 /* vt_tool_platform_utils.mm */,
				1A6FFF681A1FA9190063F622 /* vt_tool_write_tga.cpp */,
			);
			name = Src;
			sourceTree = "<group>";
		};
		1A6FFF581A1FA8FA0063F622 /* Inc */ = {
			isa = PBXGroup;
			children = (
				1A6FFF591A1FA90D0063F622 /* vt_file_format.hpp */,
				1A6FFF5A1A1FA90D0063F622 /* vt_tool_filters.hpp */,
				1A6FFF5B1A1FA90D0063F622 /* vt_tool_float_image_buffer.hpp */,
				1A6FFF5C1A1FA90D0063F622 /* vt_tool_image.hpp */,
				1A6FFF5D1A1FA90D0063F622 /* vt_tool_mipmapper.hpp */,
				1A6FFF5E1A1FA90D0063F622 /* vt_tool_pagefile_builder.hpp */,
				1A6FFF5F1A1FA90D0063F622 /* vt_tool_platform_utils.hpp */,
			);
			name = Inc;
			sourceTree = "<group>";
		};
		29B97314FDCFA39411CA2CEA /* CustomTemplate */ = {
			isa = PBXGroup;
			children = (
				1A6FFF141A1FA7F30063F622 /* VTLib */,
				1A6FFF561A1FA8E20063F622 /* VTTools */,
				1A6FFE6A1A1F7FB60063F622 /* Shared */,
				29B97315FDCFA39411CA2CEA /* Source */,
				29B97317FDCFA39411CA2CEA /* Resources */,
				29B97323FDCFA39411CA2CEA /* Frameworks */,
				19C28FACFE9D520D11CA2CBB /* Products */,
			);
			name = CustomTemplate;
			sourceTree = "<group>";
		};
		29B97315FDCFA39411CA2CEA /* Source */ = {
			isa = PBXGroup;
			children = (
				FD77A09C0E26BDE500F39101 /* demo_app_simple.cpp */,
			);
			name = Source;
			sourceTree = "<group>";
		};
		29B97317FDCFA39411CA2CEA /* Resources */ = {
			isa = PBXGroup;
			children = (
				1A2A2EED1A224E6900C7D13F /* VTs */,
				1A2A2EEC1A224E5000C7D13F /* UI */,
				8D1107310486CEB800E47090 /* Info.plist */,
				1A9242B91A26750C00C0619C /* Images.xcassets */,
			);
			name = Resources;
			sourceTree = "<group>";
		};
		29B97323FDCFA39411CA2CEA /* Frameworks */ = {
			isa = PBXGroup;
			children = (
				EE1A0306230AF1240006F8BD /* CoreMotion.framework */,
				EE1A0304230AF1060006F8BD /* GameController.framework */,
				EE1A0302230AF1010006F8BD /* MediaPlayer.framework */,
				EE1A0300230AF0D80006F8BD /* CoreAudioKit.framework */,
				EE1A02FD230AF07D0006F8BD /* AVFoundation.framework */,
				FDB8BFC50E5A0F6A00980157 /* CoreGraphics.framework */,
				FD77A0840E26BDB800F39101 /* AudioToolbox.framework */,
				FD779EDD0E26BA1200F39101 /* CoreAudio.framework */,
				28FD15070DC6FC5B0079059D /* QuartzCore.framework */,
				28FD14FF0DC6FC520079059D /* OpenGLES.framework */,
				1DF5F4DF0D08C38300B7A737 /* UIKit.framework */,
				1D30AB110D05D00D00671497 /* Foundation.framework */,
			);
			name = Frameworks;
			sourceTree = "<group>";
		};
/* End PBXGroup section */

/* Begin PBXNativeTarget section */
		1D6058900D05DD3D006BFB54 /* vtDemoSimple */ = {
			isa = PBXNativeTarget;
			buildConfigurationList = 1D6058960D05DD3E006BFB54 /* Build configuration list for PBXNativeTarget "vtDemoSimple" */;
			buildPhases = (
				1D60588D0D05DD3D006BFB54 /* Resources */,
				1D60588E0D05DD3D006BFB54 /* Sources */,
				1D60588F0D05DD3D006BFB54 /* Frameworks */,
			);
			buildRules = (
			);
			dependencies = (
			);
			name = vtDemoSimple;
			productName = "___PROJECTNAME___";
			productReference = 1D6058910D05DD3D006BFB54 /* vtDemoSimple.app */;
			productType = "com.apple.product-type.application";
		};
/* End PBXNativeTarget section */

/* Begin PBXProject section */
		29B97313FDCFA39411CA2CEA /* Project object */ = {
			isa = PBXProject;
			attributes = {
				LastUpgradeCheck = 0610;
				TargetAttributes = {
					1D6058900D05DD3D006BFB54 = {
						DevelopmentTeam = 3WCP3M3583;
					};
				};
			};
			buildConfigurationList = C01FCF4E08A954540054247B /* Build configuration list for PBXProject "vtDemoSimple" */;
			compatibilityVersion = "Xcode 3.2";
			developmentRegion = English;
			hasScannedForEncodings = 1;
			knownRegions = (
				English,
				Japanese,
				French,
				German,
			);
			mainGroup = 29B97314FDCFA39411CA2CEA /* CustomTemplate */;
			projectDirPath = "";
			projectRoot = "";
			targets = (
				1D6058900D05DD3D006BFB54 /* vtDemoSimple */,
			);
		};
/* End PBXProject section */

/* Begin PBXResourcesBuildPhase section */
		1D60588D0D05DD3D006BFB54 /* Resources */ = {
			isa = PBXResourcesBuildPhase;
			buildActionMask = 2147483647;
			files = (
				1A6FFF271A1FA85C0063F622 /* draw_page_table.vert in Resources */,
				1A9242BA1A26750C00C0619C /* Images.xcassets in Resources */,
				1A6FFF251A1FA85C0063F622 /* draw_indirection_table.vert in Resources */,
				1A9242B71A26745700C0619C /* vt_render_simple.frag in Resources */,
				1A9242B01A26742A00C0619C /* lenna.vt in Resources */,
				EE1A02FB230AF0370006F8BD /* SDL_config.h.cmake in Resources */,
				EE1A02FC230AF0370006F8BD /* SDL_config.h.in in Resources */,
				1A6FFF691A1FA9190063F622 /* stb in Resources */,
				1A6FFF281A1FA85C0063F622 /* draw_text_2d.frag in Resources */,
				1A8A0C831A29182C00C015E2 /* where_are_the_libs.txt in Resources */,
				1A6FFF2C1A1FA85C0063F622 /* page_id_gen_pass.frag in Resources */,
				1A6FFF491A1FA8820063F622 /* builtin_fonts in Resources */,
				1A6FFF2D1A1FA85C0063F622 /* page_id_gen_pass.vert in Resources */,
				1A6FFF291A1FA85C0063F622 /* draw_text_2d.vert in Resources */,
				1A9242AF1A26742A00C0619C /* brick_wall.vt in Resources */,
				1A9242B61A26745700C0619C /* vt_render_lit.vert in Resources */,
				1A6FFF7D1A1FCCCA0063F622 /* switch_btn_on.png in Resources */,
				1A6FFF2B1A1FA85C0063F622 /* indirection_rgba8888.glsl in Resources */,
				1A6FFF2A1A1FA85C0063F622 /* indirection_rgb565.glsl in Resources */,
				1A9242B51A26745700C0619C /* vt_render_lit.frag in Resources */,
				1A6FFF7A1A1FCCCA0063F622 /* arrow_right.png in Resources */,
				1A6FFF241A1FA85C0063F622 /* draw_indirection_table.frag in Resources */,
				1A6FFF7C1A1FCCCA0063F622 /* switch_btn_off.png in Resources */,
				1A6FFF7B1A1FCCCA0063F622 /* arrow_up.png in Resources */,
				1A9242B81A26745700C0619C /* vt_render_simple.vert in Resources */,
				1A6FFF261A1FA85C0063F622 /* draw_page_table.frag in Resources */,
			);
			runOnlyForDeploymentPostprocessing = 0;
		};
/* End PBXResourcesBuildPhase section */

/* Begin PBXSourcesBuildPhase section */
		1D60588E0D05DD3D006BFB54 /* Sources */ = {
			isa = PBXSourcesBuildPhase;
			buildActionMask = 2147483647;
			files = (
				1A6FFF6F1A1FA9190063F622 /* vt_tool_pixfont.cpp in Sources */,
				1A6FFF741A1FCC970063F622 /* box.c in Sources */,
				1A6FFF4C1A1FA8820063F622 /* vt_common.cpp in Sources */,
				1A6FFF711A1FA9190063F622 /* vt_tool_write_tga.cpp in Sources */,
				1A6FFF4B1A1FA8820063F622 /* vt_builtin_text.cpp in Sources */,
				1A6FFF4D1A1FA8820063F622 /* vt_mini_ui.cpp in Sources */,
				1A6FFF541A1FA8820063F622 /* vt_page_table.cpp in Sources */,
				1A6FFF0F1A1F9BB30063F622 /* camera.cpp in Sources */,
				1A6FFF701A1FA9190063F622 /* vt_tool_platform_utils.mm in Sources */,
				1A6FFF131A1FA5BF0063F622 /* demo_app_base.cpp in Sources */,
				1A6FFF6A1A1FA9190063F622 /* vt_tool_filters.cpp in Sources */,
				1A6FFF6D1A1FA9190063F622 /* vt_tool_mipmapper.cpp in Sources */,
				1A6FFF751A1FCC970063F622 /* sphere.c in Sources */,
				1A6FFF501A1FA8820063F622 /* vt_page_file.cpp in Sources */,
				1A6FFF6B1A1FA9190063F622 /* vt_tool_float_image_buffer.cpp in Sources */,
				1AFC66F81A37E107005AE6F9 /* README.md in Sources */,
				1A6FFF6C1A1FA9190063F622 /* vt_tool_image.cpp in Sources */,
				1A6FFF551A1FA8820063F622 /* vt_virtual_texture.cpp in Sources */,
				1A6FFF101A1F9BB30063F622 /* obj3d.cpp in Sources */,
				1A6FFF4F1A1FA8820063F622 /* vt_page_cache_mgr.cpp in Sources */,
				1A6FFF531A1FA8820063F622 /* vt_page_resolver.cpp in Sources */,
				1A6FFF4A1A1FA8820063F622 /* vt_builtin_text_atlas.cpp in Sources */,
				FD77A09D0E26BDE500F39101 /* demo_app_simple.cpp in Sources */,
				1A6FFF6E1A1FA9190063F622 /* vt_tool_pagefile_builder.cpp in Sources */,
				1A6FFF511A1FA8820063F622 /* vt_page_indirection_table.cpp in Sources */,
				1A6FFF4E1A1FA8820063F622 /* vt_opengl.cpp in Sources */,
				1A6FFF521A1FA8820063F622 /* vt_page_provider.cpp in Sources */,
			);
			runOnlyForDeploymentPostprocessing = 0;
		};
/* End PBXSourcesBuildPhase section */

/* Begin XCBuildConfiguration section */
		1D6058940D05DD3E006BFB54 /* Debug */ = {
			isa = XCBuildConfiguration;
			buildSettings = {
				ALWAYS_SEARCH_USER_PATHS = NO;
				ASSETCATALOG_COMPILER_APPICON_NAME = AppIcon;
				CLANG_CXX_LANGUAGE_STANDARD = "c++0x";
				CLANG_CXX_LIBRARY = "libc++";
				CLANG_WARN__DUPLICATE_METHOD_MATCH = YES;
				COPY_PHASE_STRIP = NO;
				DEVELOPMENT_TEAM = 3WCP3M3583;
				GCC_C_LANGUAGE_STANDARD = c11;
				GCC_DYNAMIC_NO_PIC = NO;
				GCC_OPTIMIZATION_LEVEL = 0;
				GCC_PRECOMPILE_PREFIX_HEADER = YES;
				GCC_PREFIX_HEADER = "";
				INFOPLIST_FILE = Info.plist;
				IPHONEOS_DEPLOYMENT_TARGET = 8.1;
				LIBRARY_SEARCH_PATHS = (
					"$(inherited)",
					"\"$(SRCROOT)/SDL/lib\"",
					"$(PROJECT_DIR)/SDL/lib",
					"/Users/Lampert/Repos/vt-mobile/source/demos/shared_source/sdl/lib",
					"$(PROJECT_DIR)",
				);
				PRODUCT_BUNDLE_IDENTIFIER = com.haijuntest.haijuntest;
				PRODUCT_NAME = vtDemoSimple;
				TARGETED_DEVICE_FAMILY = 2;
				VALID_ARCHS = "armv7 arm64 x86_64 arm64e";
			};
			name = Debug;
		};
		1D6058950D05DD3E006BFB54 /* Release */ = {
			isa = XCBuildConfiguration;
			buildSettings = {
				ALWAYS_SEARCH_USER_PATHS = NO;
				ASSETCATALOG_COMPILER_APPICON_NAME = AppIcon;
				CLANG_CXX_LANGUAGE_STANDARD = "c++0x";
				CLANG_CXX_LIBRARY = "libc++";
				CLANG_WARN__DUPLICATE_METHOD_MATCH = YES;
				COPY_PHASE_STRIP = YES;
				DEVELOPMENT_TEAM = 3WCP3M3583;
				GCC_C_LANGUAGE_STANDARD = c11;
				GCC_PRECOMPILE_PREFIX_HEADER = YES;
				GCC_PREFIX_HEADER = "";
				INFOPLIST_FILE = Info.plist;
				IPHONEOS_DEPLOYMENT_TARGET = 8.1;
				LIBRARY_SEARCH_PATHS = (
					"$(inherited)",
					"\"$(SRCROOT)/SDL/lib\"",
					"$(PROJECT_DIR)/SDL/lib",
					"/Users/Lampert/Repos/vt-mobile/source/demos/shared_source/sdl/lib",
					"$(PROJECT_DIR)",
				);
				PRODUCT_BUNDLE_IDENTIFIER = com.haijuntest.haijuntest;
				PRODUCT_NAME = vtDemoSimple;
				TARGETED_DEVICE_FAMILY = 2;
				VALID_ARCHS = "armv7 arm64 x86_64 arm64e";
			};
			name = Release;
		};
		C01FCF4F08A954540054247B /* Debug */ = {
			isa = XCBuildConfiguration;
			buildSettings = {
				CLANG_CXX_LANGUAGE_STANDARD = "c++0x";
				CLANG_CXX_LIBRARY = "libc++";
				"CODE_SIGN_IDENTITY[sdk=iphoneos*]" = "iPhone Developer";
				GCC_C_LANGUAGE_STANDARD = c99;
				GCC_WARN_ABOUT_RETURN_TYPE = YES;
				GCC_WARN_HIDDEN_VIRTUAL_FUNCTIONS = YES;
				GCC_WARN_SIGN_COMPARE = YES;
				GCC_WARN_UNINITIALIZED_AUTOS = YES;
				GCC_WARN_UNUSED_LABEL = YES;
				GCC_WARN_UNUSED_PARAMETER = YES;
				GCC_WARN_UNUSED_VARIABLE = YES;
				ONLY_ACTIVE_ARCH = YES;
				OTHER_CFLAGS = "";
				PREBINDING = NO;
				SDKROOT = iphoneos;
			};
			name = Debug;
		};
		C01FCF5008A954540054247B /* Release */ = {
			isa = XCBuildConfiguration;
			buildSettings = {
				CLANG_CXX_LANGUAGE_STANDARD = "c++0x";
				CLANG_CXX_LIBRARY = "libc++";
				"CODE_SIGN_IDENTITY[sdk=iphoneos*]" = "iPhone Developer";
				GCC_C_LANGUAGE_STANDARD = c99;
				GCC_WARN_ABOUT_RETURN_TYPE = YES;
				GCC_WARN_HIDDEN_VIRTUAL_FUNCTIONS = YES;
				GCC_WARN_SIGN_COMPARE = YES;
				GCC_WARN_UNINITIALIZED_AUTOS = YES;
				GCC_WARN_UNUSED_LABEL = YES;
				GCC_WARN_UNUSED_PARAMETER = YES;
				GCC_WARN_UNUSED_VARIABLE = YES;
				OTHER_CFLAGS = "";
				PREBINDING = NO;
				SDKROOT = iphoneos;
			};
			name = Release;
		};
/* End XCBuildConfiguration section */

/* Begin XCConfigurationList section */
		1D6058960D05DD3E006BFB54 /* Build configuration list for PBXNativeTarget "vtDemoSimple" */ = {
			isa = XCConfigurationList;
			buildConfigurations = (
				1D6058940D05DD3E006BFB54 /* Debug */,
				1D6058950D05DD3E006BFB54 /* Release */,
			);
			defaultConfigurationIsVisible = 0;
			defaultConfigurationName = Release;
		};
		C01FCF4E08A954540054247B /* Build configuration list for PBXProject "vtDemoSimple" */ = {
			isa = XCConfigurationList;
			buildConfigurations = (
				C01FCF4F08A954540054247B /* Debug */,
				C01FCF5008A954540054247B /* Release */,
			);
			defaultConfigurationIsVisible = 0;
			defaultConfigurationName = Release;
		};
/* End XCConfigurationList section */
	};
	rootObject = 29B97313FDCFA39411CA2CEA /* Project object */;
}
